
Microsoft Visual Studio Solution File, Format Version 12.00
# Visual Studio Version 17
VisualStudioVersion = 17.9.34714.143
MinimumVisualStudioVersion = 10.0.40219.1
Project("{2150E333-8FDC-42A3-9474-1A3956D46DE8}") = "src", "src", "{DBB1F920-473D-4722-B1C9-BE6DFC7E5324}"
EndProject
Project("{2150E333-8FDC-42A3-9474-1A3956D46DE8}") = "Core", "Core", "{857E484C-E862-4C7A-94A3-AB13E30774BA}"
EndProject
Project("{2150E333-8FDC-42A3-9474-1A3956D46DE8}") = "Infrastructure", "Infrastructure", "{384E5877-8AA8-4954-9827-208D3CAD8682}"
EndProject
Project("{2150E333-8FDC-42A3-9474-1A3956D46DE8}") = "UI", "UI", "{327DA05A-07FF-4C0C-9C45-F3D486DF4668}"
EndProject
Project("{9A19103F-16F7-4668-BE54-9A1E7A4F7556}") = "AstroPizza.Domain", "AstroPizza.Domain\AstroPizza.Domain.csproj", "{BD472381-78D0-453B-82E5-4B2AA4CE7DC9}"
EndProject
Project("{2150E333-8FDC-42A3-9474-1A3956D46DE8}") = "Application", "Application", "{CC26DB68-B2A7-4121-8288-F35089BFE8B6}"
EndProject
Project("{9A19103F-16F7-4668-BE54-9A1E7A4F7556}") = "AstroPizza.Application", "AstroPizza.Application\AstroPizza.Application.csproj", "{154CA323-105C-4AE7-8868-26241F2DD5B9}"
EndProject
Project("{2150E333-8FDC-42A3-9474-1A3956D46DE8}") = "API", "API", "{5951720D-3311-4299-B6F2-56013E2A853F}"
EndProject
Project("{9A19103F-16F7-4668-BE54-9A1E7A4F7556}") = "AstroPizza.Infrastructure", "AstroPizza.Infrastructure\AstroPizza.Infrastructure.csproj", "{5301DB55-137B-42B4-BEC3-460A694C1BF5}"
EndProject
Project("{FAE04EC0-301F-11D3-BF4B-00C04F79EFBC}") = "AstroPizza.API", "AstroPizza.API\AstroPizza.API.csproj", "{D6726FC6-7B34-4EB0-8931-81E1B417C493}"
EndProject
Global
	GlobalSection(SolutionConfigurationPlatforms) = preSolution
		Debug|Any CPU = Debug|Any CPU
		Release|Any CPU = Release|Any CPU
	EndGlobalSection
	GlobalSection(ProjectConfigurationPlatforms) = postSolution
		{BD472381-78D0-453B-82E5-4B2AA4CE7DC9}.Debug|Any CPU.ActiveCfg = Debug|Any CPU
		{BD472381-78D0-453B-82E5-4B2AA4CE7DC9}.Debug|Any CPU.Build.0 = Debug|Any CPU
		{BD472381-78D0-453B-82E5-4B2AA4CE7DC9}.Release|Any CPU.ActiveCfg = Release|Any CPU
		{BD472381-78D0-453B-82E5-4B2AA4CE7DC9}.Release|Any CPU.Build.0 = Release|Any CPU
		{154CA323-105C-4AE7-8868-26241F2DD5B9}.Debug|Any CPU.ActiveCfg = Debug|Any CPU
		{154CA323-105C-4AE7-8868-26241F2DD5B9}.Debug|Any CPU.Build.0 = Debug|Any CPU
		{154CA323-105C-4AE7-8868-26241F2DD5B9}.Release|Any CPU.ActiveCfg = Release|Any CPU
		{154CA323-105C-4AE7-8868-26241F2DD5B9}.Release|Any CPU.Build.0 = Release|Any CPU
		{5301DB55-137B-42B4-BEC3-460A694C1BF5}.Debug|Any CPU.ActiveCfg = Debug|Any CPU
		{5301DB55-137B-42B4-BEC3-460A694C1BF5}.Debug|Any CPU.Build.0 = Debug|Any CPU
		{5301DB55-137B-42B4-BEC3-460A694C1BF5}.Release|Any CPU.ActiveCfg = Release|Any CPU
		{5301DB55-137B-42B4-BEC3-460A694C1BF5}.Release|Any CPU.Build.0 = Release|Any CPU
		{D6726FC6-7B34-4EB0-8931-81E1B417C493}.Debug|Any CPU.ActiveCfg = Debug|Any CPU
		{D6726FC6-7B34-4EB0-8931-81E1B417C493}.Debug|Any CPU.Build.0 = Debug|Any CPU
		{D6726FC6-7B34-4EB0-8931-81E1B417C493}.Release|Any CPU.ActiveCfg = Release|Any CPU
		{D6726FC6-7B34-4EB0-8931-81E1B417C493}.Release|Any CPU.Build.0 = Release|Any CPU
	EndGlobalSection
	GlobalSection(SolutionProperties) = preSolution
		HideSolutionNode = FALSE
	EndGlobalSection
	GlobalSection(NestedProjects) = preSolution
		{857E484C-E862-4C7A-94A3-AB13E30774BA} = {DBB1F920-473D-4722-B1C9-BE6DFC7E5324}
		{384E5877-8AA8-4954-9827-208D3CAD8682} = {DBB1F920-473D-4722-B1C9-BE6DFC7E5324}
		{327DA05A-07FF-4C0C-9C45-F3D486DF4668} = {DBB1F920-473D-4722-B1C9-BE6DFC7E5324}
		{BD472381-78D0-453B-82E5-4B2AA4CE7DC9} = {857E484C-E862-4C7A-94A3-AB13E30774BA}
		{CC26DB68-B2A7-4121-8288-F35089BFE8B6} = {DBB1F920-473D-4722-B1C9-BE6DFC7E5324}
		{154CA323-105C-4AE7-8868-26241F2DD5B9} = {CC26DB68-B2A7-4121-8288-F35089BFE8B6}
		{5951720D-3311-4299-B6F2-56013E2A853F} = {DBB1F920-473D-4722-B1C9-BE6DFC7E5324}
		{5301DB55-137B-42B4-BEC3-460A694C1BF5} = {384E5877-8AA8-4954-9827-208D3CAD8682}
		{D6726FC6-7B34-4EB0-8931-81E1B417C493} = {5951720D-3311-4299-B6F2-56013E2A853F}
	EndGlobalSection
	GlobalSection(ExtensibilityGlobals) = postSolution
		SolutionGuid = {25A10721-77B9-4E45-A07F-B81682ECA718}
	EndGlobalSection
EndGlobal
